
Microsoft Visual Studio Solution File, Format Version 12.00
# Visual Studio 14
VisualStudioVersion = 14.0.23107.0
MinimumVisualStudioVersion = 10.0.40219.1
Project("{FAE04EC0-301F-11D3-BF4B-00C04F79EFBC}") = "DFWV", "DFWV\DFWV.csproj", "{DC1D3621-153E-4385-8DE1-3252995EBCCD}"
EndProject
Project("{FAE04EC0-301F-11D3-BF4B-00C04F79EFBC}") = "DFWVTests", "DFWVTests\DFWVTests.csproj", "{3F03EEB8-AACE-4569-98A2-2BF16EA19304}"
EndProject
Project("{2150E333-8FDC-42A3-9474-1A3956D46DE8}") = "Solution Items", "Solution Items", "{8E9440BC-FC1C-4C5C-A6D0-4C958632A6FF}"
EndProject
Global
	GlobalSection(SolutionConfigurationPlatforms) = preSolution
		Debug|Any CPU = Debug|Any CPU
		Debug|x64 = Debug|x64
		Debug|x86 = Debug|x86
		Release|Any CPU = Release|Any CPU
		Release|x64 = Release|x64
		Release|x86 = Release|x86
	EndGlobalSection
	GlobalSection(ProjectConfigurationPlatforms) = postSolution
		{DC1D3621-153E-4385-8DE1-3252995EBCCD}.Debug|Any CPU.ActiveCfg = Debug|Any CPU
		{DC1D3621-153E-4385-8DE1-3252995EBCCD}.Debug|Any CPU.Build.0 = Debug|Any CPU
		{DC1D3621-153E-4385-8DE1-3252995EBCCD}.Debug|x64.ActiveCfg = Debug|x64
		{DC1D3621-153E-4385-8DE1-3252995EBCCD}.Debug|x64.Build.0 = Debug|x64
		{DC1D3621-153E-4385-8DE1-3252995EBCCD}.Debug|x86.ActiveCfg = Debug|x86
		{DC1D3621-153E-4385-8DE1-3252995EBCCD}.Debug|x86.Build.0 = Debug|x86
		{DC1D3621-153E-4385-8DE1-3252995EBCCD}.Release|Any CPU.ActiveCfg = Release|Any CPU
		{DC1D3621-153E-4385-8DE1-3252995EBCCD}.Release|Any CPU.Build.0 = Release|Any CPU
		{DC1D3621-153E-4385-8DE1-3252995EBCCD}.Release|x64.ActiveCfg = Release|x64
		{DC1D3621-153E-4385-8DE1-3252995EBCCD}.Release|x64.Build.0 = Release|x64
		{DC1D3621-153E-4385-8DE1-3252995EBCCD}.Release|x86.ActiveCfg = Release|x86
		{DC1D3621-153E-4385-8DE1-3252995EBCCD}.Release|x86.Build.0 = Release|x86
		{3F03EEB8-AACE-4569-98A2-2BF16EA19304}.Debug|Any CPU.ActiveCfg = Debug|Any CPU
		{3F03EEB8-AACE-4569-98A2-2BF16EA19304}.Debug|Any CPU.Build.0 = Debug|Any CPU
		{3F03EEB8-AACE-4569-98A2-2BF16EA19304}.Debug|x64.ActiveCfg = Debug|x64
		{3F03EEB8-AACE-4569-98A2-2BF16EA19304}.Debug|x64.Build.0 = Debug|x64
		{3F03EEB8-AACE-4569-98A2-2BF16EA19304}.Debug|x86.ActiveCfg = Debug|x86
		{3F03EEB8-AACE-4569-98A2-2BF16EA19304}.Debug|x86.Build.0 = Debug|x86
		{3F03EEB8-AACE-4569-98A2-2BF16EA19304}.Release|Any CPU.ActiveCfg = Release|Any CPU
		{3F03EEB8-AACE-4569-98A2-2BF16EA19304}.Release|Any CPU.Build.0 = Release|Any CPU
		{3F03EEB8-AACE-4569-98A2-2BF16EA19304}.Release|x64.ActiveCfg = Release|x64
		{3F03EEB8-AACE-4569-98A2-2BF16EA19304}.Release|x64.Build.0 = Release|x64
		{3F03EEB8-AACE-4569-98A2-2BF16EA19304}.Release|x86.ActiveCfg = Release|x86
		{3F03EEB8-AACE-4569-98A2-2BF16EA19304}.Release|x86.Build.0 = Release|x86
	EndGlobalSection
	GlobalSection(SolutionProperties) = preSolution
		HideSolutionNode = FALSE
	EndGlobalSection
EndGlobal
